// !$*UTF8*$!
{
	archiveVersion = 1;
	classes = {
	};
	objectVersion = 46;
	objects = {

/* Begin PBXBuildFile section */
		221F4A851917CA9600390D6B /* Foundation.framework in Frameworks */ = {isa = PBXBuildFile; fileRef = 221F4A841917CA9600390D6B /* Foundation.framework */; };
		221F4A871917CA9600390D6B /* CoreGraphics.framework in Frameworks */ = {isa = PBXBuildFile; fileRef = 221F4A861917CA9600390D6B /* CoreGraphics.framework */; };
		221F4A891917CA9600390D6B /* UIKit.framework in Frameworks */ = {isa = PBXBuildFile; fileRef = 221F4A881917CA9600390D6B /* UIKit.framework */; };
		221F4A8F1917CA9600390D6B /* InfoPlist.strings in Resources */ = {isa = PBXBuildFile; fileRef = 221F4A8D1917CA9600390D6B /* InfoPlist.strings */; };
		221F4A911917CA9600390D6B /* main.m in Sources */ = {isa = PBXBuildFile; fileRef = 221F4A901917CA9600390D6B /* main.m */; };
		221F4A951917CA9600390D6B /* SCAppDelegate.m in Sources */ = {isa = PBXBuildFile; fileRef = 221F4A941917CA9600390D6B /* SCAppDelegate.m */; };
		221F4A981917CA9600390D6B /* Main.storyboard in Resources */ = {isa = PBXBuildFile; fileRef = 221F4A961917CA9600390D6B /* Main.storyboard */; };
		221F4A9B1917CA9600390D6B /* SCViewController.m in Sources */ = {isa = PBXBuildFile; fileRef = 221F4A9A1917CA9600390D6B /* SCViewController.m */; };
		221F4A9D1917CA9600390D6B /* Images.xcassets in Resources */ = {isa = PBXBuildFile; fileRef = 221F4A9C1917CA9600390D6B /* Images.xcassets */; };
		221F4AA41917CA9600390D6B /* XCTest.framework in Frameworks */ = {isa = PBXBuildFile; fileRef = 221F4AA31917CA9600390D6B /* XCTest.framework */; };
		221F4AA51917CA9600390D6B /* Foundation.framework in Frameworks */ = {isa = PBXBuildFile; fileRef = 221F4A841917CA9600390D6B /* Foundation.framework */; };
		221F4AA61917CA9600390D6B /* UIKit.framework in Frameworks */ = {isa = PBXBuildFile; fileRef = 221F4A881917CA9600390D6B /* UIKit.framework */; };
		221F4AAE1917CA9600390D6B /* InfoPlist.strings in Resources */ = {isa = PBXBuildFile; fileRef = 221F4AAC1917CA9600390D6B /* InfoPlist.strings */; };
		221F4AB01917CA9600390D6B /* ChinookDashTests.m in Sources */ = {isa = PBXBuildFile; fileRef = 221F4AAF1917CA9600390D6B /* ChinookDashTests.m */; };
		221F4ABA1917CC2A00390D6B /* ShinobiCharts.framework in Frameworks */ = {isa = PBXBuildFile; fileRef = 221F4AB91917CC2A00390D6B /* ShinobiCharts.framework */; };
		221F4AC01917CC9700390D6B /* CoreText.framework in Frameworks */ = {isa = PBXBuildFile; fileRef = 221F4ABB1917CC9700390D6B /* CoreText.framework */; };
		221F4AC11917CC9700390D6B /* libc++.dylib in Frameworks */ = {isa = PBXBuildFile; fileRef = 221F4ABC1917CC9700390D6B /* libc++.dylib */; };
		221F4AC21917CC9700390D6B /* OpenGLES.framework in Frameworks */ = {isa = PBXBuildFile; fileRef = 221F4ABD1917CC9700390D6B /* OpenGLES.framework */; };
		221F4AC31917CC9700390D6B /* QuartzCore.framework in Frameworks */ = {isa = PBXBuildFile; fileRef = 221F4ABE1917CC9700390D6B /* QuartzCore.framework */; };
		221F4AC41917CC9700390D6B /* Security.framework in Frameworks */ = {isa = PBXBuildFile; fileRef = 221F4ABF1917CC9700390D6B /* Security.framework */; };
		221F4AC61917CF6700390D6B /* ShinobiGauges.framework in Frameworks */ = {isa = PBXBuildFile; fileRef = 221F4AC51917CF6700390D6B /* ShinobiGauges.framework */; };
		221F4AC81917CF7700390D6B /* libsqlite3.dylib in Frameworks */ = {isa = PBXBuildFile; fileRef = 221F4AC71917CF7700390D6B /* libsqlite3.dylib */; };
		221F4ACC1919292B00390D6B /* SCNorthwindData.m in Sources */ = {isa = PBXBuildFile; fileRef = 221F4ACB1919292B00390D6B /* SCNorthwindData.m */; };
		221F4AD5191AF00100390D6B /* northwind.sqlite in Resources */ = {isa = PBXBuildFile; fileRef = 221F4AD4191AF00100390D6B /* northwind.sqlite */; };
		221F4ADF191B10B100390D6B /* SCMultiAxisCategoryDataSource.m in Sources */ = {isa = PBXBuildFile; fileRef = 221F4ADE191B10B100390D6B /* SCMultiAxisCategoryDataSource.m */; };
		221F4AE3191B288300390D6B /* NSDate+Quarterly.m in Sources */ = {isa = PBXBuildFile; fileRef = 221F4AE2191B288300390D6B /* NSDate+Quarterly.m */; };
		221F4AE6191BDCCE00390D6B /* SCNoSpaceCategoryAxis.m in Sources */ = {isa = PBXBuildFile; fileRef = 221F4AE5191BDCCE00390D6B /* SCNoSpaceCategoryAxis.m */; };
		221F4AED191C124100390D6B /* SCBlueColourTheme.m in Sources */ = {isa = PBXBuildFile; fileRef = 221F4AEC191C124100390D6B /* SCBlueColourTheme.m */; };
		221F4AF1191C152700390D6B /* UIColor+IntegerColours.m in Sources */ = {isa = PBXBuildFile; fileRef = 221F4AF0191C152700390D6B /* UIColor+IntegerColours.m */; };
		221F4AF4191C193B00390D6B /* SCColourableChartTheme.m in Sources */ = {isa = PBXBuildFile; fileRef = 221F4AF3191C193B00390D6B /* SCColourableChartTheme.m */; };
		221F4AF8191D1FDC00390D6B /* SGauge+SpringAnimation.m in Sources */ = {isa = PBXBuildFile; fileRef = 221F4AF7191D1FDC00390D6B /* SGauge+SpringAnimation.m */; };
		221F4AFB191D63D800390D6B /* SCAnimatingPieChartDatasource.m in Sources */ = {isa = PBXBuildFile; fileRef = 221F4AFA191D63D800390D6B /* SCAnimatingPieChartDatasource.m */; };
		221F4AFF191D799E00390D6B /* SCDataPointAnimator.m in Sources */ = {isa = PBXBuildFile; fileRef = 221F4AFE191D799E00390D6B /* SCDataPointAnimator.m */; };
		221F4B02191DB57D00390D6B /* SCRangeHighlightChart.m in Sources */ = {isa = PBXBuildFile; fileRef = 221F4B01191DB57D00390D6B /* SCRangeHighlightChart.m */; };
		221F4B05191E659700390D6B /* SCGreenColourTheme.m in Sources */ = {isa = PBXBuildFile; fileRef = 221F4B04191E659700390D6B /* SCGreenColourTheme.m */; };
		221F4B08191E6A4800390D6B /* SCRedColourTheme.m in Sources */ = {isa = PBXBuildFile; fileRef = 221F4B07191E6A4800390D6B /* SCRedColourTheme.m */; };
		221F4B0B191FC25200390D6B /* SCAnnotationAnimator.m in Sources */ = {isa = PBXBuildFile; fileRef = 221F4B0A191FC25200390D6B /* SCAnnotationAnimator.m */; };
		225AFD0419458230000CE05A /* SCOrderDetail.m in Sources */ = {isa = PBXBuildFile; fileRef = 225AFD0319458230000CE05A /* SCOrderDetail.m */; };
		22635889193A52750055CBE5 /* MomentumAnimation.m in Sources */ = {isa = PBXBuildFile; fileRef = 22635881193A52750055CBE5 /* MomentumAnimation.m */; };
		2263588A193A52750055CBE5 /* ShinobiRangeAnnotationManager.m in Sources */ = {isa = PBXBuildFile; fileRef = 22635884193A52750055CBE5 /* ShinobiRangeAnnotationManager.m */; };
		2263588B193A52750055CBE5 /* ShinobiRangeHandleAnnotation.m in Sources */ = {isa = PBXBuildFile; fileRef = 22635886193A52750055CBE5 /* ShinobiRangeHandleAnnotation.m */; };
		2263588C193A52750055CBE5 /* ShinobiRangeSelectionAnnotation.m in Sources */ = {isa = PBXBuildFile; fileRef = 22635888193A52750055CBE5 /* ShinobiRangeSelectionAnnotation.m */; };
		22AB55A6191FC84200BC2E94 /* SGauge+ColourTheme.m in Sources */ = {isa = PBXBuildFile; fileRef = 22AB55A5191FC84200BC2E94 /* SGauge+ColourTheme.m */; };
		22AB55A9191FE3E800BC2E94 /* SCSIMultiplierGaugeLabelDelegate.m in Sources */ = {isa = PBXBuildFile; fileRef = 22AB55A8191FE3E800BC2E94 /* SCSIMultiplierGaugeLabelDelegate.m */; };
		22AB55AC191FEA4D00BC2E94 /* SCYellowColourTheme.m in Sources */ = {isa = PBXBuildFile; fileRef = 22AB55AB191FEA4D00BC2E94 /* SCYellowColourTheme.m */; };
		22AB55AF191FEABE00BC2E94 /* SCPinkColourTheme.m in Sources */ = {isa = PBXBuildFile; fileRef = 22AB55AE191FEABE00BC2E94 /* SCPinkColourTheme.m */; };
		22AB55B2191FEB4100BC2E94 /* SCColourThemeManager.m in Sources */ = {isa = PBXBuildFile; fileRef = 22AB55B1191FEB4100BC2E94 /* SCColourThemeManager.m */; };
		22BB97AC19440E010005B7AB /* SCOrdersDataProvider.m in Sources */ = {isa = PBXBuildFile; fileRef = 22BB97AB19440E010005B7AB /* SCOrdersDataProvider.m */; };
		22BB97AD194429810005B7AB /* ShinobiGrids.framework in Frameworks */ = {isa = PBXBuildFile; fileRef = 221F4ACF191A5DEC00390D6B /* ShinobiGrids.framework */; };
		D6758637664448D9BFFD4531 /* libPods.a in Frameworks */ = {isa = PBXBuildFile; fileRef = EB31DD033346470E8FBD429C /* libPods.a */; };
/* End PBXBuildFile section */

/* Begin PBXContainerItemProxy section */
		221F4AA71917CA9600390D6B /* PBXContainerItemProxy */ = {
			isa = PBXContainerItemProxy;
			containerPortal = 221F4A791917CA9600390D6B /* Project object */;
			proxyType = 1;
			remoteGlobalIDString = 221F4A801917CA9600390D6B;
			remoteInfo = ChinookDash;
		};
/* End PBXContainerItemProxy section */

/* Begin PBXFileReference section */
		221F4A811917CA9600390D6B /* DynamicDash.app */ = {isa = PBXFileReference; explicitFileType = wrapper.application; includeInIndex = 0; path = DynamicDash.app; sourceTree = BUILT_PRODUCTS_DIR; };
		221F4A841917CA9600390D6B /* Foundation.framework */ = {isa = PBXFileReference; lastKnownFileType = wrapper.framework; name = Foundation.framework; path = System/Library/Frameworks/Foundation.framework; sourceTree = SDKROOT; };
		221F4A861917CA9600390D6B /* CoreGraphics.framework */ = {isa = PBXFileReference; lastKnownFileType = wrapper.framework; name = CoreGraphics.framework; path = System/Library/Frameworks/CoreGraphics.framework; sourceTree = SDKROOT; };
		221F4A881917CA9600390D6B /* UIKit.framework */ = {isa = PBXFileReference; lastKnownFileType = wrapper.framework; name = UIKit.framework; path = System/Library/Frameworks/UIKit.framework; sourceTree = SDKROOT; };
		221F4A8C1917CA9600390D6B /* DynamicDash-Info.plist */ = {isa = PBXFileReference; lastKnownFileType = text.plist.xml; path = "DynamicDash-Info.plist"; sourceTree = "<group>"; };
		221F4A8E1917CA9600390D6B /* en */ = {isa = PBXFileReference; lastKnownFileType = text.plist.strings; name = en; path = en.lproj/InfoPlist.strings; sourceTree = "<group>"; };
		221F4A901917CA9600390D6B /* main.m */ = {isa = PBXFileReference; lastKnownFileType = sourcecode.c.objc; path = main.m; sourceTree = "<group>"; };
		221F4A921917CA9600390D6B /* DynamicDash-Prefix.pch */ = {isa = PBXFileReference; lastKnownFileType = sourcecode.c.h; path = "DynamicDash-Prefix.pch"; sourceTree = "<group>"; };
		221F4A931917CA9600390D6B /* SCAppDelegate.h */ = {isa = PBXFileReference; lastKnownFileType = sourcecode.c.h; path = SCAppDelegate.h; sourceTree = "<group>"; };
		221F4A941917CA9600390D6B /* SCAppDelegate.m */ = {isa = PBXFileReference; lastKnownFileType = sourcecode.c.objc; path = SCAppDelegate.m; sourceTree = "<group>"; };
		221F4A971917CA9600390D6B /* Base */ = {isa = PBXFileReference; lastKnownFileType = file.storyboard; name = Base; path = Base.lproj/Main.storyboard; sourceTree = "<group>"; };
		221F4A991917CA9600390D6B /* SCViewController.h */ = {isa = PBXFileReference; lastKnownFileType = sourcecode.c.h; path = SCViewController.h; sourceTree = "<group>"; };
		221F4A9A1917CA9600390D6B /* SCViewController.m */ = {isa = PBXFileReference; lastKnownFileType = sourcecode.c.objc; path = SCViewController.m; sourceTree = "<group>"; };
		221F4A9C1917CA9600390D6B /* Images.xcassets */ = {isa = PBXFileReference; lastKnownFileType = folder.assetcatalog; path = Images.xcassets; sourceTree = "<group>"; };
		221F4AA21917CA9600390D6B /* DynamicDashTests.xctest */ = {isa = PBXFileReference; explicitFileType = wrapper.cfbundle; includeInIndex = 0; path = DynamicDashTests.xctest; sourceTree = BUILT_PRODUCTS_DIR; };
		221F4AA31917CA9600390D6B /* XCTest.framework */ = {isa = PBXFileReference; lastKnownFileType = wrapper.framework; name = XCTest.framework; path = Library/Frameworks/XCTest.framework; sourceTree = DEVELOPER_DIR; };
		221F4AAB1917CA9600390D6B /* DynamicDashTests-Info.plist */ = {isa = PBXFileReference; lastKnownFileType = text.plist.xml; path = "DynamicDashTests-Info.plist"; sourceTree = "<group>"; };
		221F4AAD1917CA9600390D6B /* en */ = {isa = PBXFileReference; lastKnownFileType = text.plist.strings; name = en; path = en.lproj/InfoPlist.strings; sourceTree = "<group>"; };
		221F4AAF1917CA9600390D6B /* ChinookDashTests.m */ = {isa = PBXFileReference; lastKnownFileType = sourcecode.c.objc; path = ChinookDashTests.m; sourceTree = "<group>"; };
		221F4AB91917CC2A00390D6B /* ShinobiCharts.framework */ = {isa = PBXFileReference; lastKnownFileType = wrapper.framework; name = ShinobiCharts.framework; path = Library/Frameworks/ShinobiCharts.framework; sourceTree = DEVELOPER_DIR; };
		221F4ABB1917CC9700390D6B /* CoreText.framework */ = {isa = PBXFileReference; lastKnownFileType = wrapper.framework; name = CoreText.framework; path = System/Library/Frameworks/CoreText.framework; sourceTree = SDKROOT; };
		221F4ABC1917CC9700390D6B /* libc++.dylib */ = {isa = PBXFileReference; lastKnownFileType = "compiled.mach-o.dylib"; name = "libc++.dylib"; path = "usr/lib/libc++.dylib"; sourceTree = SDKROOT; };
		221F4ABD1917CC9700390D6B /* OpenGLES.framework */ = {isa = PBXFileReference; lastKnownFileType = wrapper.framework; name = OpenGLES.framework; path = System/Library/Frameworks/OpenGLES.framework; sourceTree = SDKROOT; };
		221F4ABE1917CC9700390D6B /* QuartzCore.framework */ = {isa = PBXFileReference; lastKnownFileType = wrapper.framework; name = QuartzCore.framework; path = System/Library/Frameworks/QuartzCore.framework; sourceTree = SDKROOT; };
		221F4ABF1917CC9700390D6B /* Security.framework */ = {isa = PBXFileReference; lastKnownFileType = wrapper.framework; name = Security.framework; path = System/Library/Frameworks/Security.framework; sourceTree = SDKROOT; };
		221F4AC51917CF6700390D6B /* ShinobiGauges.framework */ = {isa = PBXFileReference; lastKnownFileType = wrapper.framework; name = ShinobiGauges.framework; path = Library/Frameworks/ShinobiGauges.framework; sourceTree = DEVELOPER_DIR; };
		221F4AC71917CF7700390D6B /* libsqlite3.dylib */ = {isa = PBXFileReference; lastKnownFileType = "compiled.mach-o.dylib"; name = libsqlite3.dylib; path = usr/lib/libsqlite3.dylib; sourceTree = SDKROOT; };
		221F4ACA1919292B00390D6B /* SCNorthwindData.h */ = {isa = PBXFileReference; fileEncoding = 4; lastKnownFileType = sourcecode.c.h; path = SCNorthwindData.h; sourceTree = "<group>"; };
		221F4ACB1919292B00390D6B /* SCNorthwindData.m */ = {isa = PBXFileReference; fileEncoding = 4; lastKnownFileType = sourcecode.c.objc; path = SCNorthwindData.m; sourceTree = "<group>"; };
		221F4ACF191A5DEC00390D6B /* ShinobiGrids.framework */ = {isa = PBXFileReference; lastKnownFileType = wrapper.framework; name = ShinobiGrids.framework; path = Library/Frameworks/ShinobiGrids.framework; sourceTree = DEVELOPER_DIR; };
		221F4AD1191A5DF100390D6B /* ShinobiEssentials.framework */ = {isa = PBXFileReference; lastKnownFileType = wrapper.framework; name = ShinobiEssentials.framework; path = Library/Frameworks/ShinobiEssentials.framework; sourceTree = DEVELOPER_DIR; };
		221F4AD4191AF00100390D6B /* northwind.sqlite */ = {isa = PBXFileReference; lastKnownFileType = file; path = northwind.sqlite; sourceTree = "<group>"; };
		221F4ADD191B10B100390D6B /* SCMultiAxisCategoryDataSource.h */ = {isa = PBXFileReference; fileEncoding = 4; lastKnownFileType = sourcecode.c.h; path = SCMultiAxisCategoryDataSource.h; sourceTree = "<group>"; };
		221F4ADE191B10B100390D6B /* SCMultiAxisCategoryDataSource.m */ = {isa = PBXFileReference; fileEncoding = 4; lastKnownFileType = sourcecode.c.objc; path = SCMultiAxisCategoryDataSource.m; sourceTree = "<group>"; };
		221F4AE1191B288300390D6B /* NSDate+Quarterly.h */ = {isa = PBXFileReference; fileEncoding = 4; lastKnownFileType = sourcecode.c.h; path = "NSDate+Quarterly.h"; sourceTree = "<group>"; };
		221F4AE2191B288300390D6B /* NSDate+Quarterly.m */ = {isa = PBXFileReference; fileEncoding = 4; lastKnownFileType = sourcecode.c.objc; path = "NSDate+Quarterly.m"; sourceTree = "<group>"; };
		221F4AE4191BDCCE00390D6B /* SCNoSpaceCategoryAxis.h */ = {isa = PBXFileReference; fileEncoding = 4; lastKnownFileType = sourcecode.c.h; path = SCNoSpaceCategoryAxis.h; sourceTree = "<group>"; };
		221F4AE5191BDCCE00390D6B /* SCNoSpaceCategoryAxis.m */ = {isa = PBXFileReference; fileEncoding = 4; lastKnownFileType = sourcecode.c.objc; path = SCNoSpaceCategoryAxis.m; sourceTree = "<group>"; };
		221F4AE8191C100A00390D6B /* SCColourTheme.h */ = {isa = PBXFileReference; fileEncoding = 4; lastKnownFileType = sourcecode.c.h; path = SCColourTheme.h; sourceTree = "<group>"; };
		221F4AEB191C124100390D6B /* SCBlueColourTheme.h */ = {isa = PBXFileReference; fileEncoding = 4; lastKnownFileType = sourcecode.c.h; path = SCBlueColourTheme.h; sourceTree = "<group>"; };
		221F4AEC191C124100390D6B /* SCBlueColourTheme.m */ = {isa = PBXFileReference; fileEncoding = 4; lastKnownFileType = sourcecode.c.objc; path = SCBlueColourTheme.m; sourceTree = "<group>"; };
		221F4AEF191C152700390D6B /* UIColor+IntegerColours.h */ = {isa = PBXFileReference; fileEncoding = 4; lastKnownFileType = sourcecode.c.h; path = "UIColor+IntegerColours.h"; sourceTree = "<group>"; };
		221F4AF0191C152700390D6B /* UIColor+IntegerColours.m */ = {isa = PBXFileReference; fileEncoding = 4; lastKnownFileType = sourcecode.c.objc; path = "UIColor+IntegerColours.m"; sourceTree = "<group>"; };
		221F4AF2191C193B00390D6B /* SCColourableChartTheme.h */ = {isa = PBXFileReference; fileEncoding = 4; lastKnownFileType = sourcecode.c.h; path = SCColourableChartTheme.h; sourceTree = "<group>"; };
		221F4AF3191C193B00390D6B /* SCColourableChartTheme.m */ = {isa = PBXFileReference; fileEncoding = 4; lastKnownFileType = sourcecode.c.objc; path = SCColourableChartTheme.m; sourceTree = "<group>"; };
		221F4AF6191D1FDC00390D6B /* SGauge+SpringAnimation.h */ = {isa = PBXFileReference; fileEncoding = 4; lastKnownFileType = sourcecode.c.h; path = "SGauge+SpringAnimation.h"; sourceTree = "<group>"; };
		221F4AF7191D1FDC00390D6B /* SGauge+SpringAnimation.m */ = {isa = PBXFileReference; fileEncoding = 4; lastKnownFileType = sourcecode.c.objc; path = "SGauge+SpringAnimation.m"; sourceTree = "<group>"; };
		221F4AF9191D63D800390D6B /* SCAnimatingPieChartDatasource.h */ = {isa = PBXFileReference; fileEncoding = 4; lastKnownFileType = sourcecode.c.h; path = SCAnimatingPieChartDatasource.h; sourceTree = "<group>"; };
		221F4AFA191D63D800390D6B /* SCAnimatingPieChartDatasource.m */ = {isa = PBXFileReference; fileEncoding = 4; lastKnownFileType = sourcecode.c.objc; path = SCAnimatingPieChartDatasource.m; sourceTree = "<group>"; };
		221F4AFD191D799E00390D6B /* SCDataPointAnimator.h */ = {isa = PBXFileReference; fileEncoding = 4; lastKnownFileType = sourcecode.c.h; path = SCDataPointAnimator.h; sourceTree = "<group>"; };
		221F4AFE191D799E00390D6B /* SCDataPointAnimator.m */ = {isa = PBXFileReference; fileEncoding = 4; lastKnownFileType = sourcecode.c.objc; path = SCDataPointAnimator.m; sourceTree = "<group>"; };
		221F4B00191DB57D00390D6B /* SCRangeHighlightChart.h */ = {isa = PBXFileReference; fileEncoding = 4; lastKnownFileType = sourcecode.c.h; path = SCRangeHighlightChart.h; sourceTree = "<group>"; };
		221F4B01191DB57D00390D6B /* SCRangeHighlightChart.m */ = {isa = PBXFileReference; fileEncoding = 4; lastKnownFileType = sourcecode.c.objc; path = SCRangeHighlightChart.m; sourceTree = "<group>"; };
		221F4B03191E659700390D6B /* SCGreenColourTheme.h */ = {isa = PBXFileReference; fileEncoding = 4; lastKnownFileType = sourcecode.c.h; path = SCGreenColourTheme.h; sourceTree = "<group>"; };
		221F4B04191E659700390D6B /* SCGreenColourTheme.m */ = {isa = PBXFileReference; fileEncoding = 4; lastKnownFileType = sourcecode.c.objc; path = SCGreenColourTheme.m; sourceTree = "<group>"; };
		221F4B06191E6A4800390D6B /* SCRedColourTheme.h */ = {isa = PBXFileReference; fileEncoding = 4; lastKnownFileType = sourcecode.c.h; path = SCRedColourTheme.h; sourceTree = "<group>"; };
		221F4B07191E6A4800390D6B /* SCRedColourTheme.m */ = {isa = PBXFileReference; fileEncoding = 4; lastKnownFileType = sourcecode.c.objc; path = SCRedColourTheme.m; sourceTree = "<group>"; };
		221F4B09191FC25200390D6B /* SCAnnotationAnimator.h */ = {isa = PBXFileReference; fileEncoding = 4; lastKnownFileType = sourcecode.c.h; path = SCAnnotationAnimator.h; sourceTree = "<group>"; };
		221F4B0A191FC25200390D6B /* SCAnnotationAnimator.m */ = {isa = PBXFileReference; fileEncoding = 4; lastKnownFileType = sourcecode.c.objc; path = SCAnnotationAnimator.m; sourceTree = "<group>"; };
		225AFD0219458230000CE05A /* SCOrderDetail.h */ = {isa = PBXFileReference; fileEncoding = 4; lastKnownFileType = sourcecode.c.h; path = SCOrderDetail.h; sourceTree = "<group>"; };
		225AFD0319458230000CE05A /* SCOrderDetail.m */ = {isa = PBXFileReference; fileEncoding = 4; lastKnownFileType = sourcecode.c.objc; path = SCOrderDetail.m; sourceTree = "<group>"; };
		22635880193A52750055CBE5 /* MomentumAnimation.h */ = {isa = PBXFileReference; fileEncoding = 4; lastKnownFileType = sourcecode.c.h; path = MomentumAnimation.h; sourceTree = "<group>"; };
		22635881193A52750055CBE5 /* MomentumAnimation.m */ = {isa = PBXFileReference; fileEncoding = 4; lastKnownFileType = sourcecode.c.objc; path = MomentumAnimation.m; sourceTree = "<group>"; };
		22635882193A52750055CBE5 /* ShinobiRangeAnnotationDelegate.h */ = {isa = PBXFileReference; fileEncoding = 4; lastKnownFileType = sourcecode.c.h; path = ShinobiRangeAnnotationDelegate.h; sourceTree = "<group>"; };
		22635883193A52750055CBE5 /* ShinobiRangeAnnotationManager.h */ = {isa = PBXFileReference; fileEncoding = 4; lastKnownFileType = sourcecode.c.h; path = ShinobiRangeAnnotationManager.h; sourceTree = "<group>"; };
		22635884193A52750055CBE5 /* ShinobiRangeAnnotationManager.m */ = {isa = PBXFileReference; fileEncoding = 4; lastKnownFileType = sourcecode.c.objc; path = ShinobiRangeAnnotationManager.m; sourceTree = "<group>"; };
		22635885193A52750055CBE5 /* ShinobiRangeHandleAnnotation.h */ = {isa = PBXFileReference; fileEncoding = 4; lastKnownFileType = sourcecode.c.h; path = ShinobiRangeHandleAnnotation.h; sourceTree = "<group>"; };
		22635886193A52750055CBE5 /* ShinobiRangeHandleAnnotation.m */ = {isa = PBXFileReference; fileEncoding = 4; lastKnownFileType = sourcecode.c.objc; path = ShinobiRangeHandleAnnotation.m; sourceTree = "<group>"; };
		22635887193A52750055CBE5 /* ShinobiRangeSelectionAnnotation.h */ = {isa = PBXFileReference; fileEncoding = 4; lastKnownFileType = sourcecode.c.h; path = ShinobiRangeSelectionAnnotation.h; sourceTree = "<group>"; };
		22635888193A52750055CBE5 /* ShinobiRangeSelectionAnnotation.m */ = {isa = PBXFileReference; fileEncoding = 4; lastKnownFileType = sourcecode.c.objc; path = ShinobiRangeSelectionAnnotation.m; sourceTree = "<group>"; };
		22AB55A4191FC84200BC2E94 /* SGauge+ColourTheme.h */ = {isa = PBXFileReference; fileEncoding = 4; lastKnownFileType = sourcecode.c.h; path = "SGauge+ColourTheme.h"; sourceTree = "<group>"; };
		22AB55A5191FC84200BC2E94 /* SGauge+ColourTheme.m */ = {isa = PBXFileReference; fileEncoding = 4; lastKnownFileType = sourcecode.c.objc; path = "SGauge+ColourTheme.m"; sourceTree = "<group>"; };
		22AB55A7191FE3E800BC2E94 /* SCSIMultiplierGaugeLabelDelegate.h */ = {isa = PBXFileReference; fileEncoding = 4; lastKnownFileType = sourcecode.c.h; path = SCSIMultiplierGaugeLabelDelegate.h; sourceTree = "<group>"; };
		22AB55A8191FE3E800BC2E94 /* SCSIMultiplierGaugeLabelDelegate.m */ = {isa = PBXFileReference; fileEncoding = 4; lastKnownFileType = sourcecode.c.objc; path = SCSIMultiplierGaugeLabelDelegate.m; sourceTree = "<group>"; };
		22AB55AA191FEA4D00BC2E94 /* SCYellowColourTheme.h */ = {isa = PBXFileReference; fileEncoding = 4; lastKnownFileType = sourcecode.c.h; path = SCYellowColourTheme.h; sourceTree = "<group>"; };
		22AB55AB191FEA4D00BC2E94 /* SCYellowColourTheme.m */ = {isa = PBXFileReference; fileEncoding = 4; lastKnownFileType = sourcecode.c.objc; path = SCYellowColourTheme.m; sourceTree = "<group>"; };
		22AB55AD191FEABE00BC2E94 /* SCPinkColourTheme.h */ = {isa = PBXFileReference; fileEncoding = 4; lastKnownFileType = sourcecode.c.h; path = SCPinkColourTheme.h; sourceTree = "<group>"; };
		22AB55AE191FEABE00BC2E94 /* SCPinkColourTheme.m */ = {isa = PBXFileReference; fileEncoding = 4; lastKnownFileType = sourcecode.c.objc; path = SCPinkColourTheme.m; sourceTree = "<group>"; };
		22AB55B0191FEB4100BC2E94 /* SCColourThemeManager.h */ = {isa = PBXFileReference; fileEncoding = 4; lastKnownFileType = sourcecode.c.h; path = SCColourThemeManager.h; sourceTree = "<group>"; };
		22AB55B1191FEB4100BC2E94 /* SCColourThemeManager.m */ = {isa = PBXFileReference; fileEncoding = 4; lastKnownFileType = sourcecode.c.objc; path = SCColourThemeManager.m; sourceTree = "<group>"; };
		22BB97AA19440E010005B7AB /* SCOrdersDataProvider.h */ = {isa = PBXFileReference; fileEncoding = 4; lastKnownFileType = sourcecode.c.h; path = SCOrdersDataProvider.h; sourceTree = "<group>"; };
		22BB97AB19440E010005B7AB /* SCOrdersDataProvider.m */ = {isa = PBXFileReference; fileEncoding = 4; lastKnownFileType = sourcecode.c.objc; path = SCOrdersDataProvider.m; sourceTree = "<group>"; };
		34375A98A44147BCA5D46641 /* Pods.xcconfig */ = {isa = PBXFileReference; includeInIndex = 1; lastKnownFileType = text.xcconfig; name = Pods.xcconfig; path = Pods/Pods.xcconfig; sourceTree = "<group>"; };
		EB31DD033346470E8FBD429C /* libPods.a */ = {isa = PBXFileReference; explicitFileType = archive.ar; includeInIndex = 0; path = libPods.a; sourceTree = BUILT_PRODUCTS_DIR; };
/* End PBXFileReference section */

/* Begin PBXFrameworksBuildPhase section */
		221F4A7E1917CA9600390D6B /* Frameworks */ = {
			isa = PBXFrameworksBuildPhase;
			buildActionMask = 2147483647;
			files = (
				22BB97AD194429810005B7AB /* ShinobiGrids.framework in Frameworks */,
				221F4AC81917CF7700390D6B /* libsqlite3.dylib in Frameworks */,
				221F4AC61917CF6700390D6B /* ShinobiGauges.framework in Frameworks */,
				221F4AC01917CC9700390D6B /* CoreText.framework in Frameworks */,
				221F4AC11917CC9700390D6B /* libc++.dylib in Frameworks */,
				221F4AC21917CC9700390D6B /* OpenGLES.framework in Frameworks */,
				221F4AC31917CC9700390D6B /* QuartzCore.framework in Frameworks */,
				221F4AC41917CC9700390D6B /* Security.framework in Frameworks */,
				221F4ABA1917CC2A00390D6B /* ShinobiCharts.framework in Frameworks */,
				221F4A871917CA9600390D6B /* CoreGraphics.framework in Frameworks */,
				221F4A891917CA9600390D6B /* UIKit.framework in Frameworks */,
				221F4A851917CA9600390D6B /* Foundation.framework in Frameworks */,
				D6758637664448D9BFFD4531 /* libPods.a in Frameworks */,
			);
			runOnlyForDeploymentPostprocessing = 0;
		};
		221F4A9F1917CA9600390D6B /* Frameworks */ = {
			isa = PBXFrameworksBuildPhase;
			buildActionMask = 2147483647;
			files = (
				221F4AA41917CA9600390D6B /* XCTest.framework in Frameworks */,
				221F4AA61917CA9600390D6B /* UIKit.framework in Frameworks */,
				221F4AA51917CA9600390D6B /* Foundation.framework in Frameworks */,
			);
			runOnlyForDeploymentPostprocessing = 0;
		};
/* End PBXFrameworksBuildPhase section */

/* Begin PBXGroup section */
		221F4A781917CA9600390D6B = {
			isa = PBXGroup;
			children = (
				221F4A8A1917CA9600390D6B /* DynamicDash */,
				221F4AA91917CA9600390D6B /* DynamicDashTests */,
				221F4A831917CA9600390D6B /* Frameworks */,
				221F4A821917CA9600390D6B /* Products */,
				34375A98A44147BCA5D46641 /* Pods.xcconfig */,
			);
			indentWidth = 4;
			sourceTree = "<group>";
			tabWidth = 4;
			usesTabs = 0;
		};
		221F4A821917CA9600390D6B /* Products */ = {
			isa = PBXGroup;
			children = (
				221F4A811917CA9600390D6B /* DynamicDash.app */,
				221F4AA21917CA9600390D6B /* DynamicDashTests.xctest */,
			);
			name = Products;
			sourceTree = "<group>";
		};
		221F4A831917CA9600390D6B /* Frameworks */ = {
			isa = PBXGroup;
			children = (
				221F4AD1191A5DF100390D6B /* ShinobiEssentials.framework */,
				221F4ACF191A5DEC00390D6B /* ShinobiGrids.framework */,
				221F4AC71917CF7700390D6B /* libsqlite3.dylib */,
				221F4AC51917CF6700390D6B /* ShinobiGauges.framework */,
				221F4ABB1917CC9700390D6B /* CoreText.framework */,
				221F4ABC1917CC9700390D6B /* libc++.dylib */,
				221F4ABD1917CC9700390D6B /* OpenGLES.framework */,
				221F4ABE1917CC9700390D6B /* QuartzCore.framework */,
				221F4ABF1917CC9700390D6B /* Security.framework */,
				221F4AB91917CC2A00390D6B /* ShinobiCharts.framework */,
				221F4A841917CA9600390D6B /* Foundation.framework */,
				221F4A861917CA9600390D6B /* CoreGraphics.framework */,
				221F4A881917CA9600390D6B /* UIKit.framework */,
				221F4AA31917CA9600390D6B /* XCTest.framework */,
				EB31DD033346470E8FBD429C /* libPods.a */,
			);
			name = Frameworks;
			sourceTree = "<group>";
		};
		221F4A8A1917CA9600390D6B /* DynamicDash */ = {
			isa = PBXGroup;
			children = (
				2263587F193A52240055CBE5 /* Range Annotation */,
				221F4AFC191D798C00390D6B /* Animator */,
				221F4AF5191D1FC100390D6B /* Gauge Enhancements */,
				221F4AE7191C0FF800390D6B /* Colours */,
				221F4AE0191B285B00390D6B /* Utils */,
				22BB97A919440B9B0005B7AB /* Grids */,
				221F4AD6191AF90C00390D6B /* Specialist Charts */,
				221F4AC91919291800390D6B /* Data Layer */,
				221F4A931917CA9600390D6B /* SCAppDelegate.h */,
				221F4A941917CA9600390D6B /* SCAppDelegate.m */,
				221F4A961917CA9600390D6B /* Main.storyboard */,
				221F4A991917CA9600390D6B /* SCViewController.h */,
				221F4A9A1917CA9600390D6B /* SCViewController.m */,
				221F4A9C1917CA9600390D6B /* Images.xcassets */,
				221F4A8B1917CA9600390D6B /* Supporting Files */,
			);
			path = DynamicDash;
			sourceTree = "<group>";
		};
		221F4A8B1917CA9600390D6B /* Supporting Files */ = {
			isa = PBXGroup;
			children = (
				221F4A8C1917CA9600390D6B /* DynamicDash-Info.plist */,
				221F4A8D1917CA9600390D6B /* InfoPlist.strings */,
				221F4A901917CA9600390D6B /* main.m */,
				221F4A921917CA9600390D6B /* DynamicDash-Prefix.pch */,
			);
			name = "Supporting Files";
			sourceTree = "<group>";
		};
		221F4AA91917CA9600390D6B /* DynamicDashTests */ = {
			isa = PBXGroup;
			children = (
				221F4AAF1917CA9600390D6B /* ChinookDashTests.m */,
				221F4AAA1917CA9600390D6B /* Supporting Files */,
			);
			name = DynamicDashTests;
			path = ChinookDashTests;
			sourceTree = "<group>";
		};
		221F4AAA1917CA9600390D6B /* Supporting Files */ = {
			isa = PBXGroup;
			children = (
				221F4AAB1917CA9600390D6B /* DynamicDashTests-Info.plist */,
				221F4AAC1917CA9600390D6B /* InfoPlist.strings */,
			);
			name = "Supporting Files";
			sourceTree = "<group>";
		};
		221F4AC91919291800390D6B /* Data Layer */ = {
			isa = PBXGroup;
			children = (
				221F4AD4191AF00100390D6B /* northwind.sqlite */,
				221F4ACA1919292B00390D6B /* SCNorthwindData.h */,
				221F4ACB1919292B00390D6B /* SCNorthwindData.m */,
			);
			name = "Data Layer";
			sourceTree = "<group>";
		};
		221F4AD6191AF90C00390D6B /* Specialist Charts */ = {
			isa = PBXGroup;
			children = (
				221F4ADD191B10B100390D6B /* SCMultiAxisCategoryDataSource.h */,
				221F4ADE191B10B100390D6B /* SCMultiAxisCategoryDataSource.m */,
				221F4AF9191D63D800390D6B /* SCAnimatingPieChartDatasource.h */,
				221F4AFA191D63D800390D6B /* SCAnimatingPieChartDatasource.m */,
				221F4B00191DB57D00390D6B /* SCRangeHighlightChart.h */,
				221F4B01191DB57D00390D6B /* SCRangeHighlightChart.m */,
			);
			name = "Specialist Charts";
			sourceTree = "<group>";
		};
		221F4AE0191B285B00390D6B /* Utils */ = {
			isa = PBXGroup;
			children = (
				221F4AE1191B288300390D6B /* NSDate+Quarterly.h */,
				221F4AE2191B288300390D6B /* NSDate+Quarterly.m */,
				221F4AE4191BDCCE00390D6B /* SCNoSpaceCategoryAxis.h */,
				221F4AE5191BDCCE00390D6B /* SCNoSpaceCategoryAxis.m */,
			);
			name = Utils;
			sourceTree = "<group>";
		};
		221F4AE7191C0FF800390D6B /* Colours */ = {
			isa = PBXGroup;
			children = (
				221F4B0C191FC7B000390D6B /* Theme Instances */,
				221F4AE8191C100A00390D6B /* SCColourTheme.h */,
				221F4AEF191C152700390D6B /* UIColor+IntegerColours.h */,
				221F4AF0191C152700390D6B /* UIColor+IntegerColours.m */,
				221F4AF2191C193B00390D6B /* SCColourableChartTheme.h */,
				221F4AF3191C193B00390D6B /* SCColourableChartTheme.m */,
				22AB55B0191FEB4100BC2E94 /* SCColourThemeManager.h */,
				22AB55B1191FEB4100BC2E94 /* SCColourThemeManager.m */,
			);
			name = Colours;
			sourceTree = "<group>";
		};
		221F4AF5191D1FC100390D6B /* Gauge Enhancements */ = {
			isa = PBXGroup;
			children = (
				221F4AF6191D1FDC00390D6B /* SGauge+SpringAnimation.h */,
				221F4AF7191D1FDC00390D6B /* SGauge+SpringAnimation.m */,
				22AB55A4191FC84200BC2E94 /* SGauge+ColourTheme.h */,
				22AB55A5191FC84200BC2E94 /* SGauge+ColourTheme.m */,
				22AB55A7191FE3E800BC2E94 /* SCSIMultiplierGaugeLabelDelegate.h */,
				22AB55A8191FE3E800BC2E94 /* SCSIMultiplierGaugeLabelDelegate.m */,
			);
			name = "Gauge Enhancements";
			sourceTree = "<group>";
		};
		221F4AFC191D798C00390D6B /* Animator */ = {
			isa = PBXGroup;
			children = (
				221F4AFD191D799E00390D6B /* SCDataPointAnimator.h */,
				221F4AFE191D799E00390D6B /* SCDataPointAnimator.m */,
				221F4B09191FC25200390D6B /* SCAnnotationAnimator.h */,
				221F4B0A191FC25200390D6B /* SCAnnotationAnimator.m */,
			);
			name = Animator;
			sourceTree = "<group>";
		};
		221F4B0C191FC7B000390D6B /* Theme Instances */ = {
			isa = PBXGroup;
			children = (
				221F4AEB191C124100390D6B /* SCBlueColourTheme.h */,
				221F4AEC191C124100390D6B /* SCBlueColourTheme.m */,
				221F4B03191E659700390D6B /* SCGreenColourTheme.h */,
				221F4B04191E659700390D6B /* SCGreenColourTheme.m */,
				221F4B06191E6A4800390D6B /* SCRedColourTheme.h */,
				221F4B07191E6A4800390D6B /* SCRedColourTheme.m */,
				22AB55AA191FEA4D00BC2E94 /* SCYellowColourTheme.h */,
				22AB55AB191FEA4D00BC2E94 /* SCYellowColourTheme.m */,
				22AB55AD191FEABE00BC2E94 /* SCPinkColourTheme.h */,
				22AB55AE191FEABE00BC2E94 /* SCPinkColourTheme.m */,
			);
			name = "Theme Instances";
			sourceTree = "<group>";
		};
		2263587F193A52240055CBE5 /* Range Annotation */ = {
			isa = PBXGroup;
			children = (
				22635880193A52750055CBE5 /* MomentumAnimation.h */,
				22635881193A52750055CBE5 /* MomentumAnimation.m */,
				22635882193A52750055CBE5 /* ShinobiRangeAnnotationDelegate.h */,
				22635883193A52750055CBE5 /* ShinobiRangeAnnotationManager.h */,
				22635884193A52750055CBE5 /* ShinobiRangeAnnotationManager.m */,
				22635885193A52750055CBE5 /* ShinobiRangeHandleAnnotation.h */,
				22635886193A52750055CBE5 /* ShinobiRangeHandleAnnotation.m */,
				22635887193A52750055CBE5 /* ShinobiRangeSelectionAnnotation.h */,
				22635888193A52750055CBE5 /* ShinobiRangeSelectionAnnotation.m */,
			);
			name = "Range Annotation";
			sourceTree = "<group>";
		};
		22BB97A919440B9B0005B7AB /* Grids */ = {
			isa = PBXGroup;
			children = (
				22BB97AA19440E010005B7AB /* SCOrdersDataProvider.h */,
				22BB97AB19440E010005B7AB /* SCOrdersDataProvider.m */,
				225AFD0219458230000CE05A /* SCOrderDetail.h */,
				225AFD0319458230000CE05A /* SCOrderDetail.m */,
			);
			name = Grids;
			sourceTree = "<group>";
		};
/* End PBXGroup section */

/* Begin PBXNativeTarget section */
		221F4A801917CA9600390D6B /* DynamicDash */ = {
			isa = PBXNativeTarget;
			buildConfigurationList = 221F4AB31917CA9600390D6B /* Build configuration list for PBXNativeTarget "DynamicDash" */;
			buildPhases = (
				FCFAAE3BD05544FF8C286470 /* Check Pods Manifest.lock */,
				221F4A7D1917CA9600390D6B /* Sources */,
				221F4A7E1917CA9600390D6B /* Frameworks */,
				221F4A7F1917CA9600390D6B /* Resources */,
				30A1AADA9845423E9F35C8A8 /* Warn for TODO and FIXME comments */,
				87D4FA608B5C4FB082FC7E7F /* Copy Pods Resources */,
			);
			buildRules = (
			);
			dependencies = (
			);
			name = DynamicDash;
			productName = ChinookDash;
			productReference = 221F4A811917CA9600390D6B /* DynamicDash.app */;
			productType = "com.apple.product-type.application";
		};
		221F4AA11917CA9600390D6B /* DynamicDashTests */ = {
			isa = PBXNativeTarget;
			buildConfigurationList = 221F4AB61917CA9600390D6B /* Build configuration list for PBXNativeTarget "DynamicDashTests" */;
			buildPhases = (
				221F4A9E1917CA9600390D6B /* Sources */,
				221F4A9F1917CA9600390D6B /* Frameworks */,
				221F4AA01917CA9600390D6B /* Resources */,
			);
			buildRules = (
			);
			dependencies = (
				221F4AA81917CA9600390D6B /* PBXTargetDependency */,
			);
			name = DynamicDashTests;
			productName = ChinookDashTests;
			productReference = 221F4AA21917CA9600390D6B /* DynamicDashTests.xctest */;
			productType = "com.apple.product-type.bundle.unit-test";
		};
/* End PBXNativeTarget section */

/* Begin PBXProject section */
		221F4A791917CA9600390D6B /* Project object */ = {
			isa = PBXProject;
			attributes = {
				CLASSPREFIX = SC;
				LastUpgradeCheck = 0510;
				ORGANIZATIONNAME = ShinobiControls;
				TargetAttributes = {
					221F4AA11917CA9600390D6B = {
						TestTargetID = 221F4A801917CA9600390D6B;
					};
				};
			};
			buildConfigurationList = 221F4A7C1917CA9600390D6B /* Build configuration list for PBXProject "DynamicDash" */;
			compatibilityVersion = "Xcode 3.2";
			developmentRegion = English;
			hasScannedForEncodings = 0;
			knownRegions = (
				en,
				Base,
			);
			mainGroup = 221F4A781917CA9600390D6B;
			productRefGroup = 221F4A821917CA9600390D6B /* Products */;
			projectDirPath = "";
			projectRoot = "";
			targets = (
				221F4A801917CA9600390D6B /* DynamicDash */,
				221F4AA11917CA9600390D6B /* DynamicDashTests */,
			);
		};
/* End PBXProject section */

/* Begin PBXResourcesBuildPhase section */
		221F4A7F1917CA9600390D6B /* Resources */ = {
			isa = PBXResourcesBuildPhase;
			buildActionMask = 2147483647;
			files = (
				221F4A9D1917CA9600390D6B /* Images.xcassets in Resources */,
				221F4AD5191AF00100390D6B /* northwind.sqlite in Resources */,
				221F4A8F1917CA9600390D6B /* InfoPlist.strings in Resources */,
				221F4A981917CA9600390D6B /* Main.storyboard in Resources */,
			);
			runOnlyForDeploymentPostprocessing = 0;
		};
		221F4AA01917CA9600390D6B /* Resources */ = {
			isa = PBXResourcesBuildPhase;
			buildActionMask = 2147483647;
			files = (
				221F4AAE1917CA9600390D6B /* InfoPlist.strings in Resources */,
			);
			runOnlyForDeploymentPostprocessing = 0;
		};
/* End PBXResourcesBuildPhase section */

/* Begin PBXShellScriptBuildPhase section */
		30A1AADA9845423E9F35C8A8 /* Warn for TODO and FIXME comments */ = {
			isa = PBXShellScriptBuildPhase;
			buildActionMask = 2147483647;
			files = (
			);
			inputPaths = (
			);
			name = "Warn for TODO and FIXME comments";
			outputPaths = (
			);
			runOnlyForDeploymentPostprocessing = 0;
			shellPath = /bin/sh;
			shellScript = "KEYWORDS=\"TODO:|FIXME:|\\?\\?\\?:|\\!\\!\\!:\"\nFILE_EXTENSIONS=\"h|m|mm|c|cpp\"\nfind -E \"${SRCROOT}\" -ipath \"${SRCROOT}/pods\" -prune -o \\( -regex \".*\\.($FILE_EXTENSIONS)$\" \\) -print0 | xargs -0 egrep --with-filename --line-number --only-matching \"($KEYWORDS).*\\$\" | perl -p -e \"s/($KEYWORDS)/ warning: \\$1/\"\n";
		};
		87D4FA608B5C4FB082FC7E7F /* Copy Pods Resources */ = {
			isa = PBXShellScriptBuildPhase;
			buildActionMask = 2147483647;
			files = (
			);
			inputPaths = (
			);
			name = "Copy Pods Resources";
			outputPaths = (
			);
			runOnlyForDeploymentPostprocessing = 0;
			shellPath = /bin/sh;
			shellScript = "\"${SRCROOT}/Pods/Pods-resources.sh\"\n";
			showEnvVarsInLog = 0;
		};
		FCFAAE3BD05544FF8C286470 /* Check Pods Manifest.lock */ = {
			isa = PBXShellScriptBuildPhase;
			buildActionMask = 2147483647;
			files = (
			);
			inputPaths = (
			);
			name = "Check Pods Manifest.lock";
			outputPaths = (
			);
			runOnlyForDeploymentPostprocessing = 0;
			shellPath = /bin/sh;
			shellScript = "diff \"${PODS_ROOT}/../Podfile.lock\" \"${PODS_ROOT}/Manifest.lock\" > /dev/null\nif [[ $? != 0 ]] ; then\n    cat << EOM\nerror: The sandbox is not in sync with the Podfile.lock. Run 'pod install' or update your CocoaPods installation.\nEOM\n    exit 1\nfi\n";
			showEnvVarsInLog = 0;
		};
/* End PBXShellScriptBuildPhase section */

/* Begin PBXSourcesBuildPhase section */
		221F4A7D1917CA9600390D6B /* Sources */ = {
			isa = PBXSourcesBuildPhase;
			buildActionMask = 2147483647;
			files = (
				221F4AE6191BDCCE00390D6B /* SCNoSpaceCategoryAxis.m in Sources */,
				221F4B02191DB57D00390D6B /* SCRangeHighlightChart.m in Sources */,
				221F4B05191E659700390D6B /* SCGreenColourTheme.m in Sources */,
				221F4A951917CA9600390D6B /* SCAppDelegate.m in Sources */,
				221F4ADF191B10B100390D6B /* SCMultiAxisCategoryDataSource.m in Sources */,
				221F4B08191E6A4800390D6B /* SCRedColourTheme.m in Sources */,
				221F4ACC1919292B00390D6B /* SCNorthwindData.m in Sources */,
				221F4A9B1917CA9600390D6B /* SCViewController.m in Sources */,
				221F4AE3191B288300390D6B /* NSDate+Quarterly.m in Sources */,
				22AB55A6191FC84200BC2E94 /* SGauge+ColourTheme.m in Sources */,
				22635889193A52750055CBE5 /* MomentumAnimation.m in Sources */,
				225AFD0419458230000CE05A /* SCOrderDetail.m in Sources */,
				221F4AF4191C193B00390D6B /* SCColourableChartTheme.m in Sources */,
				221F4AFF191D799E00390D6B /* SCDataPointAnimator.m in Sources */,
				2263588B193A52750055CBE5 /* ShinobiRangeHandleAnnotation.m in Sources */,
				22BB97AC19440E010005B7AB /* SCOrdersDataProvider.m in Sources */,
				2263588C193A52750055CBE5 /* ShinobiRangeSelectionAnnotation.m in Sources */,
				221F4AF8191D1FDC00390D6B /* SGauge+SpringAnimation.m in Sources */,
				22AB55AC191FEA4D00BC2E94 /* SCYellowColourTheme.m in Sources */,
				221F4B0B191FC25200390D6B /* SCAnnotationAnimator.m in Sources */,
				22AB55B2191FEB4100BC2E94 /* SCColourThemeManager.m in Sources */,
				2263588A193A52750055CBE5 /* ShinobiRangeAnnotationManager.m in Sources */,
				221F4AF1191C152700390D6B /* UIColor+IntegerColours.m in Sources */,
				22AB55A9191FE3E800BC2E94 /* SCSIMultiplierGaugeLabelDelegate.m in Sources */,
				221F4A911917CA9600390D6B /* main.m in Sources */,
				22AB55AF191FEABE00BC2E94 /* SCPinkColourTheme.m in Sources */,
				221F4AED191C124100390D6B /* SCBlueColourTheme.m in Sources */,
				221F4AFB191D63D800390D6B /* SCAnimatingPieChartDatasource.m in Sources */,
			);
			runOnlyForDeploymentPostprocessing = 0;
		};
		221F4A9E1917CA9600390D6B /* Sources */ = {
			isa = PBXSourcesBuildPhase;
			buildActionMask = 2147483647;
			files = (
				221F4AB01917CA9600390D6B /* ChinookDashTests.m in Sources */,
			);
			runOnlyForDeploymentPostprocessing = 0;
		};
/* End PBXSourcesBuildPhase section */

/* Begin PBXTargetDependency section */
		221F4AA81917CA9600390D6B /* PBXTargetDependency */ = {
			isa = PBXTargetDependency;
			target = 221F4A801917CA9600390D6B /* DynamicDash */;
			targetProxy = 221F4AA71917CA9600390D6B /* PBXContainerItemProxy */;
		};
/* End PBXTargetDependency section */

/* Begin PBXVariantGroup section */
		221F4A8D1917CA9600390D6B /* InfoPlist.strings */ = {
			isa = PBXVariantGroup;
			children = (
				221F4A8E1917CA9600390D6B /* en */,
			);
			name = InfoPlist.strings;
			sourceTree = "<group>";
		};
		221F4A961917CA9600390D6B /* Main.storyboard */ = {
			isa = PBXVariantGroup;
			children = (
				221F4A971917CA9600390D6B /* Base */,
			);
			name = Main.storyboard;
			sourceTree = "<group>";
		};
		221F4AAC1917CA9600390D6B /* InfoPlist.strings */ = {
			isa = PBXVariantGroup;
			children = (
				221F4AAD1917CA9600390D6B /* en */,
			);
			name = InfoPlist.strings;
			sourceTree = "<group>";
		};
/* End PBXVariantGroup section */

/* Begin XCBuildConfiguration section */
		221F4AB11917CA9600390D6B /* Debug */ = {
			isa = XCBuildConfiguration;
			buildSettings = {
				ALWAYS_SEARCH_USER_PATHS = NO;
				CLANG_CXX_LANGUAGE_STANDARD = "gnu++0x";
				CLANG_CXX_LIBRARY = "libc++";
				CLANG_ENABLE_MODULES = YES;
				CLANG_ENABLE_OBJC_ARC = YES;
				CLANG_WARN_BOOL_CONVERSION = YES;
				CLANG_WARN_CONSTANT_CONVERSION = YES;
				CLANG_WARN_DEPRECATED_OBJC_IMPLEMENTATIONS = YES;
				CLANG_WARN_DIRECT_OBJC_ISA_USAGE = YES_ERROR;
				CLANG_WARN_EMPTY_BODY = YES;
				CLANG_WARN_ENUM_CONVERSION = YES;
				CLANG_WARN_INT_CONVERSION = YES;
				CLANG_WARN_OBJC_IMPLICIT_RETAIN_SELF = YES;
				CLANG_WARN_OBJC_ROOT_CLASS = YES_ERROR;
				CLANG_WARN__DUPLICATE_METHOD_MATCH = YES;
				"CODE_SIGN_IDENTITY[sdk=iphoneos*]" = "iPhone Developer";
				COPY_PHASE_STRIP = NO;
				GCC_C_LANGUAGE_STANDARD = gnu99;
				GCC_DYNAMIC_NO_PIC = NO;
				GCC_OPTIMIZATION_LEVEL = 0;
				GCC_PREPROCESSOR_DEFINITIONS = (
					"DEBUG=1",
					"$(inherited)",
				);
				GCC_SYMBOLS_PRIVATE_EXTERN = NO;
				GCC_WARN_64_TO_32_BIT_CONVERSION = YES;
				GCC_WARN_ABOUT_MISSING_FIELD_INITIALIZERS = YES;
				GCC_WARN_ABOUT_MISSING_NEWLINE = YES;
				GCC_WARN_ABOUT_RETURN_TYPE = YES;
				GCC_WARN_CHECK_SWITCH_STATEMENTS = YES;
				GCC_WARN_INITIALIZER_NOT_FULLY_BRACKETED = YES;
				GCC_WARN_MISSING_PARENTHESES = YES;
				GCC_WARN_SHADOW = YES;
				GCC_WARN_SIGN_COMPARE = YES;
				GCC_WARN_TYPECHECK_CALLS_TO_PRINTF = YES;
				GCC_WARN_UNDECLARED_SELECTOR = YES;
				GCC_WARN_UNINITIALIZED_AUTOS = YES_AGGRESSIVE;
				GCC_WARN_UNUSED_FUNCTION = YES;
				GCC_WARN_UNUSED_LABEL = YES;
				GCC_WARN_UNUSED_VALUE = YES;
				GCC_WARN_UNUSED_VARIABLE = YES;
				IPHONEOS_DEPLOYMENT_TARGET = 7.1;
				ONLY_ACTIVE_ARCH = YES;
				RUN_CLANG_STATIC_ANALYZER = YES;
				SDKROOT = iphoneos;
				TARGETED_DEVICE_FAMILY = 2;
			};
			name = Debug;
		};
		221F4AB21917CA9600390D6B /* Release */ = {
			isa = XCBuildConfiguration;
			buildSettings = {
				ALWAYS_SEARCH_USER_PATHS = NO;
				CLANG_CXX_LANGUAGE_STANDARD = "gnu++0x";
				CLANG_CXX_LIBRARY = "libc++";
				CLANG_ENABLE_MODULES = YES;
				CLANG_ENABLE_OBJC_ARC = YES;
				CLANG_WARN_BOOL_CONVERSION = YES;
				CLANG_WARN_CONSTANT_CONVERSION = YES;
				CLANG_WARN_DEPRECATED_OBJC_IMPLEMENTATIONS = YES;
				CLANG_WARN_DIRECT_OBJC_ISA_USAGE = YES_ERROR;
				CLANG_WARN_EMPTY_BODY = YES;
				CLANG_WARN_ENUM_CONVERSION = YES;
				CLANG_WARN_INT_CONVERSION = YES;
				CLANG_WARN_OBJC_IMPLICIT_RETAIN_SELF = YES;
				CLANG_WARN_OBJC_ROOT_CLASS = YES_ERROR;
				CLANG_WARN__DUPLICATE_METHOD_MATCH = YES;
				"CODE_SIGN_IDENTITY[sdk=iphoneos*]" = "iPhone Developer";
				COPY_PHASE_STRIP = YES;
				ENABLE_NS_ASSERTIONS = NO;
				GCC_C_LANGUAGE_STANDARD = gnu99;
				GCC_WARN_64_TO_32_BIT_CONVERSION = YES;
				GCC_WARN_ABOUT_MISSING_FIELD_INITIALIZERS = YES;
				GCC_WARN_ABOUT_MISSING_NEWLINE = YES;
				GCC_WARN_ABOUT_RETURN_TYPE = YES;
				GCC_WARN_CHECK_SWITCH_STATEMENTS = YES;
				GCC_WARN_INITIALIZER_NOT_FULLY_BRACKETED = YES;
				GCC_WARN_MISSING_PARENTHESES = YES;
				GCC_WARN_SHADOW = YES;
				GCC_WARN_SIGN_COMPARE = YES;
				GCC_WARN_TYPECHECK_CALLS_TO_PRINTF = YES;
				GCC_WARN_UNDECLARED_SELECTOR = YES;
				GCC_WARN_UNINITIALIZED_AUTOS = YES_AGGRESSIVE;
				GCC_WARN_UNUSED_FUNCTION = YES;
				GCC_WARN_UNUSED_LABEL = YES;
				GCC_WARN_UNUSED_VALUE = YES;
				GCC_WARN_UNUSED_VARIABLE = YES;
				IPHONEOS_DEPLOYMENT_TARGET = 7.1;
				RUN_CLANG_STATIC_ANALYZER = YES;
				SDKROOT = iphoneos;
				TARGETED_DEVICE_FAMILY = 2;
				VALIDATE_PRODUCT = YES;
			};
			name = Release;
		};
		221F4AB41917CA9600390D6B /* Debug */ = {
			isa = XCBuildConfiguration;
			baseConfigurationReference = 34375A98A44147BCA5D46641 /* Pods.xcconfig */;
			buildSettings = {
				ASSETCATALOG_COMPILER_APPICON_NAME = AppIcon;
				ASSETCATALOG_COMPILER_LAUNCHIMAGE_NAME = LaunchImage;
				FRAMEWORK_SEARCH_PATHS = (
					"$(inherited)",
					"$(DEVELOPER_FRAMEWORKS_DIR)",
				);
				GCC_PRECOMPILE_PREFIX_HEADER = YES;
				GCC_PREFIX_HEADER = "DynamicDash/DynamicDash-Prefix.pch";
				INFOPLIST_FILE = "$(SRCROOT)/DynamicDash/DynamicDash-Info.plist";
				PRODUCT_NAME = DynamicDash;
				WRAPPER_EXTENSION = app;
			};
			name = Debug;
		};
		221F4AB51917CA9600390D6B /* Release */ = {
			isa = XCBuildConfiguration;
			baseConfigurationReference = 34375A98A44147BCA5D46641 /* Pods.xcconfig */;
			buildSettings = {
				ASSETCATALOG_COMPILER_APPICON_NAME = AppIcon;
				ASSETCATALOG_COMPILER_LAUNCHIMAGE_NAME = LaunchImage;
				FRAMEWORK_SEARCH_PATHS = (
					"$(inherited)",
					"$(DEVELOPER_FRAMEWORKS_DIR)",
				);
				GCC_PRECOMPILE_PREFIX_HEADER = YES;
				GCC_PREFIX_HEADER = "DynamicDash/DynamicDash-Prefix.pch";
				INFOPLIST_FILE = "$(SRCROOT)/DynamicDash/DynamicDash-Info.plist";
				PRODUCT_NAME = DynamicDash;
				WRAPPER_EXTENSION = app;
			};
			name = Release;
		};
		221F4AB71917CA9600390D6B /* Debug */ = {
			isa = XCBuildConfiguration;
			buildSettings = {
				BUNDLE_LOADER = "$(BUILT_PRODUCTS_DIR)/ChinookDash.app/ChinookDash";
				FRAMEWORK_SEARCH_PATHS = (
					"$(SDKROOT)/Developer/Library/Frameworks",
					"$(inherited)",
					"$(DEVELOPER_FRAMEWORKS_DIR)",
				);
				GCC_PRECOMPILE_PREFIX_HEADER = YES;
				GCC_PREFIX_HEADER = "ChinookDash/ChinookDash-Prefix.pch";
				GCC_PREPROCESSOR_DEFINITIONS = (
					"DEBUG=1",
					"$(inherited)",
				);
				INFOPLIST_FILE = "ChinookDashTests/DynamicDashTests-Info.plist";
				PRODUCT_NAME = DynamicDashTests;
				TEST_HOST = "$(BUNDLE_LOADER)";
				WRAPPER_EXTENSION = xctest;
			};
			name = Debug;
		};
		221F4AB81917CA9600390D6B /* Release */ = {
			isa = XCBuildConfiguration;
			buildSettings = {
				BUNDLE_LOADER = "$(BUILT_PRODUCTS_DIR)/ChinookDash.app/ChinookDash";
				FRAMEWORK_SEARCH_PATHS = (
					"$(SDKROOT)/Developer/Library/Frameworks",
					"$(inherited)",
					"$(DEVELOPER_FRAMEWORKS_DIR)",
				);
				GCC_PRECOMPILE_PREFIX_HEADER = YES;
				GCC_PREFIX_HEADER = "ChinookDash/ChinookDash-Prefix.pch";
				INFOPLIST_FILE = "ChinookDashTests/DynamicDashTests-Info.plist";
				PRODUCT_NAME = DynamicDashTests;
				TEST_HOST = "$(BUNDLE_LOADER)";
				WRAPPER_EXTENSION = xctest;
			};
			name = Release;
		};
/* End XCBuildConfiguration section */

/* Begin XCConfigurationList section */
		221F4A7C1917CA9600390D6B /* Build configuration list for PBXProject "DynamicDash" */ = {
			isa = XCConfigurationList;
			buildConfigurations = (
				221F4AB11917CA9600390D6B /* Debug */,
				221F4AB21917CA9600390D6B /* Release */,
			);
			defaultConfigurationIsVisible = 0;
			defaultConfigurationName = Release;
		};
		221F4AB31917CA9600390D6B /* Build configuration list for PBXNativeTarget "DynamicDash" */ = {
			isa = XCConfigurationList;
			buildConfigurations = (
				221F4AB41917CA9600390D6B /* Debug */,
				221F4AB51917CA9600390D6B /* Release */,
			);
			defaultConfigurationIsVisible = 0;
			defaultConfigurationName = Release;
		};
		221F4AB61917CA9600390D6B /* Build configuration list for PBXNativeTarget "DynamicDashTests" */ = {
			isa = XCConfigurationList;
			buildConfigurations = (
				221F4AB71917CA9600390D6B /* Debug */,
				221F4AB81917CA9600390D6B /* Release */,
			);
			defaultConfigurationIsVisible = 0;
			defaultConfigurationName = Release;
		};
/* End XCConfigurationList section */
	};
	rootObject = 221F4A791917CA9600390D6B /* Project object */;
}
